#include<iostream>
#include <string>
using namespace std;
int main() {
	string x;
	for (int i =2; i > 1; i++)
	{
		cout << "entr your name:";
		cin >> x;
		if (x.length() == 6 || x.length() == 8 || x.length() == 4)
			cout << "chat wiht her" << endl;
		else
			cout << "ignore him"<<endl;
		cout << "1 to enter 0 to quit"<<endl;
		cin >> i;
	}



	return 0;
}
